
Microsoft Visual Studio Solution File, Format Version 12.00
# Visual Studio 15
VisualStudioVersion = 15.0.26124.0
MinimumVisualStudioVersion = 15.0.26124.0
Project("{FAE04EC0-301F-11D3-BF4B-00C04F79EFBC}") = "PostApiToDatabase.Tests", "PostApiToDatabase.Tests\PostApiToDatabase.Tests.csproj", "{5D0AC1E4-E605-4507-AABD-12E40C51FCFF}"
EndProject
Project("{FAE04EC0-301F-11D3-BF4B-00C04F79EFBC}") = "GerarHash.Tests", "GerarHash.Tests\GerarHash.Tests.csproj", "{D12B42A8-EC6F-491C-8557-AC659CD3D6A6}"
EndProject
Project("{FAE04EC0-301F-11D3-BF4B-00C04F79EFBC}") = "GerarConteudo.Tests", "GerarConteudo.Tests\GerarConteudo.Tests.csproj", "{AC57A590-B90F-48ED-ABC0-07EB68255817}"
EndProject
Global
	GlobalSection(SolutionConfigurationPlatforms) = preSolution
		Debug|Any CPU = Debug|Any CPU
		Debug|x64 = Debug|x64
		Debug|x86 = Debug|x86
		Release|Any CPU = Release|Any CPU
		Release|x64 = Release|x64
		Release|x86 = Release|x86
	EndGlobalSection
	GlobalSection(SolutionProperties) = preSolution
		HideSolutionNode = FALSE
	EndGlobalSection
	GlobalSection(ProjectConfigurationPlatforms) = postSolution
		{DC0D5BD7-B2E4-4DB4-87EB-F5929568F2F7}.Debug|Any CPU.ActiveCfg = Debug|Any CPU
		{DC0D5BD7-B2E4-4DB4-87EB-F5929568F2F7}.Debug|Any CPU.Build.0 = Debug|Any CPU
		{DC0D5BD7-B2E4-4DB4-87EB-F5929568F2F7}.Debug|x64.ActiveCfg = Debug|Any CPU
		{DC0D5BD7-B2E4-4DB4-87EB-F5929568F2F7}.Debug|x64.Build.0 = Debug|Any CPU
		{DC0D5BD7-B2E4-4DB4-87EB-F5929568F2F7}.Debug|x86.ActiveCfg = Debug|Any CPU
		{DC0D5BD7-B2E4-4DB4-87EB-F5929568F2F7}.Debug|x86.Build.0 = Debug|Any CPU
		{DC0D5BD7-B2E4-4DB4-87EB-F5929568F2F7}.Release|Any CPU.ActiveCfg = Release|Any CPU
		{DC0D5BD7-B2E4-4DB4-87EB-F5929568F2F7}.Release|Any CPU.Build.0 = Release|Any CPU
		{DC0D5BD7-B2E4-4DB4-87EB-F5929568F2F7}.Release|x64.ActiveCfg = Release|Any CPU
		{DC0D5BD7-B2E4-4DB4-87EB-F5929568F2F7}.Release|x64.Build.0 = Release|Any CPU
		{DC0D5BD7-B2E4-4DB4-87EB-F5929568F2F7}.Release|x86.ActiveCfg = Release|Any CPU
		{DC0D5BD7-B2E4-4DB4-87EB-F5929568F2F7}.Release|x86.Build.0 = Release|Any CPU
		{5D0AC1E4-E605-4507-AABD-12E40C51FCFF}.Debug|Any CPU.ActiveCfg = Debug|Any CPU
		{5D0AC1E4-E605-4507-AABD-12E40C51FCFF}.Debug|Any CPU.Build.0 = Debug|Any CPU
		{5D0AC1E4-E605-4507-AABD-12E40C51FCFF}.Debug|x64.ActiveCfg = Debug|Any CPU
		{5D0AC1E4-E605-4507-AABD-12E40C51FCFF}.Debug|x64.Build.0 = Debug|Any CPU
		{5D0AC1E4-E605-4507-AABD-12E40C51FCFF}.Debug|x86.ActiveCfg = Debug|Any CPU
		{5D0AC1E4-E605-4507-AABD-12E40C51FCFF}.Debug|x86.Build.0 = Debug|Any CPU
		{5D0AC1E4-E605-4507-AABD-12E40C51FCFF}.Release|Any CPU.ActiveCfg = Release|Any CPU
		{5D0AC1E4-E605-4507-AABD-12E40C51FCFF}.Release|Any CPU.Build.0 = Release|Any CPU
		{5D0AC1E4-E605-4507-AABD-12E40C51FCFF}.Release|x64.ActiveCfg = Release|Any CPU
		{5D0AC1E4-E605-4507-AABD-12E40C51FCFF}.Release|x64.Build.0 = Release|Any CPU
		{5D0AC1E4-E605-4507-AABD-12E40C51FCFF}.Release|x86.ActiveCfg = Release|Any CPU
		{5D0AC1E4-E605-4507-AABD-12E40C51FCFF}.Release|x86.Build.0 = Release|Any CPU
		{D12B42A8-EC6F-491C-8557-AC659CD3D6A6}.Debug|Any CPU.ActiveCfg = Debug|Any CPU
		{D12B42A8-EC6F-491C-8557-AC659CD3D6A6}.Debug|Any CPU.Build.0 = Debug|Any CPU
		{D12B42A8-EC6F-491C-8557-AC659CD3D6A6}.Debug|x64.ActiveCfg = Debug|Any CPU
		{D12B42A8-EC6F-491C-8557-AC659CD3D6A6}.Debug|x64.Build.0 = Debug|Any CPU
		{D12B42A8-EC6F-491C-8557-AC659CD3D6A6}.Debug|x86.ActiveCfg = Debug|Any CPU
		{D12B42A8-EC6F-491C-8557-AC659CD3D6A6}.Debug|x86.Build.0 = Debug|Any CPU
		{D12B42A8-EC6F-491C-8557-AC659CD3D6A6}.Release|Any CPU.ActiveCfg = Release|Any CPU
		{D12B42A8-EC6F-491C-8557-AC659CD3D6A6}.Release|Any CPU.Build.0 = Release|Any CPU
		{D12B42A8-EC6F-491C-8557-AC659CD3D6A6}.Release|x64.ActiveCfg = Release|Any CPU
		{D12B42A8-EC6F-491C-8557-AC659CD3D6A6}.Release|x64.Build.0 = Release|Any CPU
		{D12B42A8-EC6F-491C-8557-AC659CD3D6A6}.Release|x86.ActiveCfg = Release|Any CPU
		{D12B42A8-EC6F-491C-8557-AC659CD3D6A6}.Release|x86.Build.0 = Release|Any CPU
		{AC57A590-B90F-48ED-ABC0-07EB68255817}.Debug|Any CPU.ActiveCfg = Debug|Any CPU
		{AC57A590-B90F-48ED-ABC0-07EB68255817}.Debug|Any CPU.Build.0 = Debug|Any CPU
		{AC57A590-B90F-48ED-ABC0-07EB68255817}.Debug|x64.ActiveCfg = Debug|Any CPU
		{AC57A590-B90F-48ED-ABC0-07EB68255817}.Debug|x64.Build.0 = Debug|Any CPU
		{AC57A590-B90F-48ED-ABC0-07EB68255817}.Debug|x86.ActiveCfg = Debug|Any CPU
		{AC57A590-B90F-48ED-ABC0-07EB68255817}.Debug|x86.Build.0 = Debug|Any CPU
		{AC57A590-B90F-48ED-ABC0-07EB68255817}.Release|Any CPU.ActiveCfg = Release|Any CPU
		{AC57A590-B90F-48ED-ABC0-07EB68255817}.Release|Any CPU.Build.0 = Release|Any CPU
		{AC57A590-B90F-48ED-ABC0-07EB68255817}.Release|x64.ActiveCfg = Release|Any CPU
		{AC57A590-B90F-48ED-ABC0-07EB68255817}.Release|x64.Build.0 = Release|Any CPU
		{AC57A590-B90F-48ED-ABC0-07EB68255817}.Release|x86.ActiveCfg = Release|Any CPU
		{AC57A590-B90F-48ED-ABC0-07EB68255817}.Release|x86.Build.0 = Release|Any CPU
	EndGlobalSection
EndGlobal
